
Microsoft Visual Studio Solution File, Format Version 12.00
# Visual Studio Version 17
VisualStudioVersion = 17.11.35222.181
MinimumVisualStudioVersion = 10.0.40219.1
Project("{FAE04EC0-301F-11D3-BF4B-00C04F79EFBC}") = "LibraryManagementSystem.API", "LibraryManagementSystem.API\LibraryManagementSystem.API.csproj", "{72C39BEA-3149-4768-8675-B669A72DAEE9}"
EndProject
Project("{FAE04EC0-301F-11D3-BF4B-00C04F79EFBC}") = "LibraryManagementSystem.Core", "LibraryManagementSystem.Core\LibraryManagementSystem.Core.csproj", "{3D6ECB9F-85B3-429E-B492-440ED705FC2F}"
EndProject
Project("{FAE04EC0-301F-11D3-BF4B-00C04F79EFBC}") = "LibraryManagementSystem.Infrastructure", "LibraryManagementSystem.Infrastructure\LibraryManagementSystem.Infrastructure.csproj", "{BF9B55C7-CB9C-415F-9D29-4D6A140505CC}"
EndProject
Project("{FAE04EC0-301F-11D3-BF4B-00C04F79EFBC}") = "LibraryManagementSystem.Application", "LibraryManagementSystem.Application\LibraryManagementSystem.Application.csproj", "{43EBECFA-B9D4-4CE0-AB7F-678C2B4C2BB8}"
EndProject
Global
	GlobalSection(SolutionConfigurationPlatforms) = preSolution
		Debug|Any CPU = Debug|Any CPU
		Release|Any CPU = Release|Any CPU
	EndGlobalSection
	GlobalSection(ProjectConfigurationPlatforms) = postSolution
		{72C39BEA-3149-4768-8675-B669A72DAEE9}.Debug|Any CPU.ActiveCfg = Debug|Any CPU
		{72C39BEA-3149-4768-8675-B669A72DAEE9}.Debug|Any CPU.Build.0 = Debug|Any CPU
		{72C39BEA-3149-4768-8675-B669A72DAEE9}.Release|Any CPU.ActiveCfg = Release|Any CPU
		{72C39BEA-3149-4768-8675-B669A72DAEE9}.Release|Any CPU.Build.0 = Release|Any CPU
		{3D6ECB9F-85B3-429E-B492-440ED705FC2F}.Debug|Any CPU.ActiveCfg = Debug|Any CPU
		{3D6ECB9F-85B3-429E-B492-440ED705FC2F}.Debug|Any CPU.Build.0 = Debug|Any CPU
		{3D6ECB9F-85B3-429E-B492-440ED705FC2F}.Release|Any CPU.ActiveCfg = Release|Any CPU
		{3D6ECB9F-85B3-429E-B492-440ED705FC2F}.Release|Any CPU.Build.0 = Release|Any CPU
		{BF9B55C7-CB9C-415F-9D29-4D6A140505CC}.Debug|Any CPU.ActiveCfg = Debug|Any CPU
		{BF9B55C7-CB9C-415F-9D29-4D6A140505CC}.Debug|Any CPU.Build.0 = Debug|Any CPU
		{BF9B55C7-CB9C-415F-9D29-4D6A140505CC}.Release|Any CPU.ActiveCfg = Release|Any CPU
		{BF9B55C7-CB9C-415F-9D29-4D6A140505CC}.Release|Any CPU.Build.0 = Release|Any CPU
		{43EBECFA-B9D4-4CE0-AB7F-678C2B4C2BB8}.Debug|Any CPU.ActiveCfg = Debug|Any CPU
		{43EBECFA-B9D4-4CE0-AB7F-678C2B4C2BB8}.Debug|Any CPU.Build.0 = Debug|Any CPU
		{43EBECFA-B9D4-4CE0-AB7F-678C2B4C2BB8}.Release|Any CPU.ActiveCfg = Release|Any CPU
		{43EBECFA-B9D4-4CE0-AB7F-678C2B4C2BB8}.Release|Any CPU.Build.0 = Release|Any CPU
	EndGlobalSection
	GlobalSection(SolutionProperties) = preSolution
		HideSolutionNode = FALSE
	EndGlobalSection
	GlobalSection(ExtensibilityGlobals) = postSolution
		SolutionGuid = {BD6E73CA-1D9E-40CA-A726-1C6458288017}
	EndGlobalSection
EndGlobal
